
Microsoft Visual Studio Solution File, Format Version 12.00
# Visual Studio 14
VisualStudioVersion = 14.0.25420.1
MinimumVisualStudioVersion = 10.0.40219.1
Project("{FAE04EC0-301F-11D3-BF4B-00C04F79EFBC}") = "OM", "OM\OM.csproj", "{E3FDE4E7-569C-4BA5-9173-5C45952F504A}"
EndProject
Global
	GlobalSection(SolutionConfigurationPlatforms) = preSolution
		Debug|Any CPU = Debug|Any CPU
		Release|Any CPU = Release|Any CPU
	EndGlobalSection
	GlobalSection(ProjectConfigurationPlatforms) = postSolution
		{E3FDE4E7-569C-4BA5-9173-5C45952F504A}.Debug|Any CPU.ActiveCfg = Debug|Any CPU
		{E3FDE4E7-569C-4BA5-9173-5C45952F504A}.Debug|Any CPU.Build.0 = Debug|Any CPU
		{E3FDE4E7-569C-4BA5-9173-5C45952F504A}.Release|Any CPU.ActiveCfg = Release|Any CPU
		{E3FDE4E7-569C-4BA5-9173-5C45952F504A}.Release|Any CPU.Build.0 = Release|Any CPU
	EndGlobalSection
	GlobalSection(SolutionProperties) = preSolution
		HideSolutionNode = FALSE
	EndGlobalSection
EndGlobal
